
Microsoft Visual Studio Solution File, Format Version 12.00
# Visual Studio 15
VisualStudioVersion = 15.0.28307.168
MinimumVisualStudioVersion = 10.0.40219.1
Project("{FAE04EC0-301F-11D3-BF4B-00C04F79EFBC}") = "NewStyleConsoleApp", "src\NewStyleConsoleApp\NewStyleConsoleApp.csproj", "{74814030-41D4-4D49-8D8F-5C89444DB216}"
EndProject
Project("{FAE04EC0-301F-11D3-BF4B-00C04F79EFBC}") = "OldStyleConsoleApp", "src\OldStyleConsoleApp\OldStyleConsoleApp.csproj", "{5A96B4D1-C86D-4FD7-BBC8-2195D91395AA}"
EndProject
Global
	GlobalSection(SolutionConfigurationPlatforms) = preSolution
		Debug|Any CPU = Debug|Any CPU
		Release|Any CPU = Release|Any CPU
	EndGlobalSection
	GlobalSection(ProjectConfigurationPlatforms) = postSolution
		{74814030-41D4-4D49-8D8F-5C89444DB216}.Debug|Any CPU.ActiveCfg = Debug|Any CPU
		{74814030-41D4-4D49-8D8F-5C89444DB216}.Debug|Any CPU.Build.0 = Debug|Any CPU
		{74814030-41D4-4D49-8D8F-5C89444DB216}.Release|Any CPU.ActiveCfg = Release|Any CPU
		{74814030-41D4-4D49-8D8F-5C89444DB216}.Release|Any CPU.Build.0 = Release|Any CPU
		{5A96B4D1-C86D-4FD7-BBC8-2195D91395AA}.Debug|Any CPU.ActiveCfg = Debug|Any CPU
		{5A96B4D1-C86D-4FD7-BBC8-2195D91395AA}.Debug|Any CPU.Build.0 = Debug|Any CPU
		{5A96B4D1-C86D-4FD7-BBC8-2195D91395AA}.Release|Any CPU.ActiveCfg = Release|Any CPU
		{5A96B4D1-C86D-4FD7-BBC8-2195D91395AA}.Release|Any CPU.Build.0 = Release|Any CPU
	EndGlobalSection
	GlobalSection(SolutionProperties) = preSolution
		HideSolutionNode = FALSE
	EndGlobalSection
	GlobalSection(ExtensibilityGlobals) = postSolution
		SolutionGuid = {5F38AA63-26A0-4F4B-B3BF-9F75A57CCFC5}
	EndGlobalSection
EndGlobal
